
Microsoft Visual Studio Solution File, Format Version 12.00
# Visual Studio Version 16
VisualStudioVersion = 16.0.29613.14
MinimumVisualStudioVersion = 10.0.40219.1
Project("{9A19103F-16F7-4668-BE54-9A1E7A4F7556}") = "CrocoLanding", "CrocoLanding\CrocoLanding.csproj", "{2A285DB7-2700-439D-BB07-8DA75EFE4FDB}"
EndProject
Project("{9A19103F-16F7-4668-BE54-9A1E7A4F7556}") = "CrocoLanding.Model", "CrocoLanding.Model\CrocoLanding.Model.csproj", "{E53B556C-E637-4489-8313-17C82C4EC2DD}"
EndProject
Project("{9A19103F-16F7-4668-BE54-9A1E7A4F7556}") = "CrocoLanding.Api", "CrocoLanding.Api\CrocoLanding.Api.csproj", "{B7B4A748-520C-4787-82FC-E9CAFFC87833}"
EndProject
Project("{9A19103F-16F7-4668-BE54-9A1E7A4F7556}") = "CrocoLanding.Logic", "CrocoLanding.Logic\CrocoLanding.Logic.csproj", "{F07F2062-F781-493E-802C-D4F58613B2C2}"
EndProject
Project("{2150E333-8FDC-42A3-9474-1A3956D46DE8}") = "AppLogic", "AppLogic", "{7BC80610-EABE-48E6-A099-85579D4A1A1F}"
EndProject
Project("{9A19103F-16F7-4668-BE54-9A1E7A4F7556}") = "Croco.Common", "Common\Croco.Common\Croco.Common.csproj", "{6C8DCB8F-55FD-4160-B4BE-485EB06464EC}"
EndProject
Global
	GlobalSection(SolutionConfigurationPlatforms) = preSolution
		Debug|Any CPU = Debug|Any CPU
		Release|Any CPU = Release|Any CPU
	EndGlobalSection
	GlobalSection(ProjectConfigurationPlatforms) = postSolution
		{2A285DB7-2700-439D-BB07-8DA75EFE4FDB}.Debug|Any CPU.ActiveCfg = Debug|Any CPU
		{2A285DB7-2700-439D-BB07-8DA75EFE4FDB}.Debug|Any CPU.Build.0 = Debug|Any CPU
		{2A285DB7-2700-439D-BB07-8DA75EFE4FDB}.Release|Any CPU.ActiveCfg = Release|Any CPU
		{2A285DB7-2700-439D-BB07-8DA75EFE4FDB}.Release|Any CPU.Build.0 = Release|Any CPU
		{E53B556C-E637-4489-8313-17C82C4EC2DD}.Debug|Any CPU.ActiveCfg = Debug|Any CPU
		{E53B556C-E637-4489-8313-17C82C4EC2DD}.Debug|Any CPU.Build.0 = Debug|Any CPU
		{E53B556C-E637-4489-8313-17C82C4EC2DD}.Release|Any CPU.ActiveCfg = Release|Any CPU
		{E53B556C-E637-4489-8313-17C82C4EC2DD}.Release|Any CPU.Build.0 = Release|Any CPU
		{B7B4A748-520C-4787-82FC-E9CAFFC87833}.Debug|Any CPU.ActiveCfg = Debug|Any CPU
		{B7B4A748-520C-4787-82FC-E9CAFFC87833}.Debug|Any CPU.Build.0 = Debug|Any CPU
		{B7B4A748-520C-4787-82FC-E9CAFFC87833}.Release|Any CPU.ActiveCfg = Release|Any CPU
		{B7B4A748-520C-4787-82FC-E9CAFFC87833}.Release|Any CPU.Build.0 = Release|Any CPU
		{F07F2062-F781-493E-802C-D4F58613B2C2}.Debug|Any CPU.ActiveCfg = Debug|Any CPU
		{F07F2062-F781-493E-802C-D4F58613B2C2}.Debug|Any CPU.Build.0 = Debug|Any CPU
		{F07F2062-F781-493E-802C-D4F58613B2C2}.Release|Any CPU.ActiveCfg = Release|Any CPU
		{F07F2062-F781-493E-802C-D4F58613B2C2}.Release|Any CPU.Build.0 = Release|Any CPU
		{6C8DCB8F-55FD-4160-B4BE-485EB06464EC}.Debug|Any CPU.ActiveCfg = Debug|Any CPU
		{6C8DCB8F-55FD-4160-B4BE-485EB06464EC}.Debug|Any CPU.Build.0 = Debug|Any CPU
		{6C8DCB8F-55FD-4160-B4BE-485EB06464EC}.Release|Any CPU.ActiveCfg = Release|Any CPU
		{6C8DCB8F-55FD-4160-B4BE-485EB06464EC}.Release|Any CPU.Build.0 = Release|Any CPU
	EndGlobalSection
	GlobalSection(SolutionProperties) = preSolution
		HideSolutionNode = FALSE
	EndGlobalSection
	GlobalSection(NestedProjects) = preSolution
		{E53B556C-E637-4489-8313-17C82C4EC2DD} = {7BC80610-EABE-48E6-A099-85579D4A1A1F}
		{B7B4A748-520C-4787-82FC-E9CAFFC87833} = {7BC80610-EABE-48E6-A099-85579D4A1A1F}
		{F07F2062-F781-493E-802C-D4F58613B2C2} = {7BC80610-EABE-48E6-A099-85579D4A1A1F}
	EndGlobalSection
	GlobalSection(ExtensibilityGlobals) = postSolution
		SolutionGuid = {D0442B5F-5405-49D9-BE55-C2608812E971}
	EndGlobalSection
EndGlobal
