
Microsoft Visual Studio Solution File, Format Version 12.00
# Visual Studio Version 16
VisualStudioVersion = 16.0.29613.14
MinimumVisualStudioVersion = 10.0.40219.1
Project("{9A19103F-16F7-4668-BE54-9A1E7A4F7556}") = "CrocoLanding", "CrocoLanding\CrocoLanding.csproj", "{2A285DB7-2700-439D-BB07-8DA75EFE4FDB}"
EndProject
Project("{9A19103F-16F7-4668-BE54-9A1E7A4F7556}") = "CrocoLanding.Model", "CrocoLanding.Model\CrocoLanding.Model.csproj", "{E53B556C-E637-4489-8313-17C82C4EC2DD}"
EndProject
Project("{9A19103F-16F7-4668-BE54-9A1E7A4F7556}") = "CrocoLanding.Api", "CrocoLanding.Api\CrocoLanding.Api.csproj", "{B7B4A748-520C-4787-82FC-E9CAFFC87833}"
EndProject
Project("{2150E333-8FDC-42A3-9474-1A3956D46DE8}") = "Ecc", "Ecc", "{5C6B360E-D1C3-40D9-B7ED-A1D0EFD22787}"
EndProject
Project("{9A19103F-16F7-4668-BE54-9A1E7A4F7556}") = "CrocoLanding.Logic", "CrocoLanding.Logic\CrocoLanding.Logic.csproj", "{F07F2062-F781-493E-802C-D4F58613B2C2}"
EndProject
Project("{9A19103F-16F7-4668-BE54-9A1E7A4F7556}") = "Zoo", "Zoo\Zoo.csproj", "{BFB47444-A6E4-4B82-BB3B-33C1899DDC5D}"
EndProject
Project("{2150E333-8FDC-42A3-9474-1A3956D46DE8}") = "AppLogic", "AppLogic", "{7BC80610-EABE-48E6-A099-85579D4A1A1F}"
EndProject
Project("{9A19103F-16F7-4668-BE54-9A1E7A4F7556}") = "Ecc.Implementation", "AppLogic\Ecc.Implementation\Ecc.Implementation.csproj", "{635E3BBE-642A-41C5-8E90-690A5B7733B4}"
EndProject
Project("{9A19103F-16F7-4668-BE54-9A1E7A4F7556}") = "Ecc.Contract", "Ecc\Ecc.Contract\Ecc.Contract.csproj", "{334FF18D-B1BC-405D-A3E9-A3F64EFCDEDB}"
EndProject
Project("{9A19103F-16F7-4668-BE54-9A1E7A4F7556}") = "Ecc.Logic", "Ecc\Ecc.Logic\Ecc.Logic.csproj", "{62C4CCC9-D573-407B-96F3-C84E9DB892F3}"
EndProject
Project("{9A19103F-16F7-4668-BE54-9A1E7A4F7556}") = "Ecc.Model", "Ecc\Ecc.Model\Ecc.Model.csproj", "{FCAC1DCA-41B0-4736-B5F9-70716FD7C50B}"
EndProject
Project("{2150E333-8FDC-42A3-9474-1A3956D46DE8}") = "Clt", "Clt", "{B4A7451E-088F-42A8-B6EB-E2AF2CCF65A1}"
EndProject
Project("{9A19103F-16F7-4668-BE54-9A1E7A4F7556}") = "Clt.Contract", "Clt\Clt.Contract\Clt.Contract.csproj", "{4703D8C6-6351-4165-BA29-F1900BEDB391}"
EndProject
Project("{9A19103F-16F7-4668-BE54-9A1E7A4F7556}") = "Clt.Logic", "Clt\Clt.Logic\Clt.Logic.csproj", "{76EFD0BF-0ACE-41E6-A961-4F6F354EE8AD}"
EndProject
Project("{2150E333-8FDC-42A3-9474-1A3956D46DE8}") = "Common", "Common", "{5E217082-7B64-45F6-98DB-9F9F483B33C2}"
EndProject
Project("{9A19103F-16F7-4668-BE54-9A1E7A4F7556}") = "Cmn.Enums", "Common\Cmn.Enums\Cmn.Enums.csproj", "{863CAE98-6FD9-4AD6-8C0E-9798F80B3212}"
EndProject
Project("{9A19103F-16F7-4668-BE54-9A1E7A4F7556}") = "Clt.Logic.Core", "Clt\Clt.Logic.Core\Clt.Logic.Core.csproj", "{5CCD3FBE-D840-4A4E-AA03-7E50CA4AAC09}"
EndProject
Global
	GlobalSection(SolutionConfigurationPlatforms) = preSolution
		Debug|Any CPU = Debug|Any CPU
		Release|Any CPU = Release|Any CPU
	EndGlobalSection
	GlobalSection(ProjectConfigurationPlatforms) = postSolution
		{2A285DB7-2700-439D-BB07-8DA75EFE4FDB}.Debug|Any CPU.ActiveCfg = Debug|Any CPU
		{2A285DB7-2700-439D-BB07-8DA75EFE4FDB}.Debug|Any CPU.Build.0 = Debug|Any CPU
		{2A285DB7-2700-439D-BB07-8DA75EFE4FDB}.Release|Any CPU.ActiveCfg = Release|Any CPU
		{2A285DB7-2700-439D-BB07-8DA75EFE4FDB}.Release|Any CPU.Build.0 = Release|Any CPU
		{E53B556C-E637-4489-8313-17C82C4EC2DD}.Debug|Any CPU.ActiveCfg = Debug|Any CPU
		{E53B556C-E637-4489-8313-17C82C4EC2DD}.Debug|Any CPU.Build.0 = Debug|Any CPU
		{E53B556C-E637-4489-8313-17C82C4EC2DD}.Release|Any CPU.ActiveCfg = Release|Any CPU
		{E53B556C-E637-4489-8313-17C82C4EC2DD}.Release|Any CPU.Build.0 = Release|Any CPU
		{B7B4A748-520C-4787-82FC-E9CAFFC87833}.Debug|Any CPU.ActiveCfg = Debug|Any CPU
		{B7B4A748-520C-4787-82FC-E9CAFFC87833}.Debug|Any CPU.Build.0 = Debug|Any CPU
		{B7B4A748-520C-4787-82FC-E9CAFFC87833}.Release|Any CPU.ActiveCfg = Release|Any CPU
		{B7B4A748-520C-4787-82FC-E9CAFFC87833}.Release|Any CPU.Build.0 = Release|Any CPU
		{F07F2062-F781-493E-802C-D4F58613B2C2}.Debug|Any CPU.ActiveCfg = Debug|Any CPU
		{F07F2062-F781-493E-802C-D4F58613B2C2}.Debug|Any CPU.Build.0 = Debug|Any CPU
		{F07F2062-F781-493E-802C-D4F58613B2C2}.Release|Any CPU.ActiveCfg = Release|Any CPU
		{F07F2062-F781-493E-802C-D4F58613B2C2}.Release|Any CPU.Build.0 = Release|Any CPU
		{BFB47444-A6E4-4B82-BB3B-33C1899DDC5D}.Debug|Any CPU.ActiveCfg = Debug|Any CPU
		{BFB47444-A6E4-4B82-BB3B-33C1899DDC5D}.Debug|Any CPU.Build.0 = Debug|Any CPU
		{BFB47444-A6E4-4B82-BB3B-33C1899DDC5D}.Release|Any CPU.ActiveCfg = Release|Any CPU
		{BFB47444-A6E4-4B82-BB3B-33C1899DDC5D}.Release|Any CPU.Build.0 = Release|Any CPU
		{635E3BBE-642A-41C5-8E90-690A5B7733B4}.Debug|Any CPU.ActiveCfg = Debug|Any CPU
		{635E3BBE-642A-41C5-8E90-690A5B7733B4}.Debug|Any CPU.Build.0 = Debug|Any CPU
		{635E3BBE-642A-41C5-8E90-690A5B7733B4}.Release|Any CPU.ActiveCfg = Release|Any CPU
		{635E3BBE-642A-41C5-8E90-690A5B7733B4}.Release|Any CPU.Build.0 = Release|Any CPU
		{334FF18D-B1BC-405D-A3E9-A3F64EFCDEDB}.Debug|Any CPU.ActiveCfg = Debug|Any CPU
		{334FF18D-B1BC-405D-A3E9-A3F64EFCDEDB}.Debug|Any CPU.Build.0 = Debug|Any CPU
		{334FF18D-B1BC-405D-A3E9-A3F64EFCDEDB}.Release|Any CPU.ActiveCfg = Release|Any CPU
		{334FF18D-B1BC-405D-A3E9-A3F64EFCDEDB}.Release|Any CPU.Build.0 = Release|Any CPU
		{62C4CCC9-D573-407B-96F3-C84E9DB892F3}.Debug|Any CPU.ActiveCfg = Debug|Any CPU
		{62C4CCC9-D573-407B-96F3-C84E9DB892F3}.Debug|Any CPU.Build.0 = Debug|Any CPU
		{62C4CCC9-D573-407B-96F3-C84E9DB892F3}.Release|Any CPU.ActiveCfg = Release|Any CPU
		{62C4CCC9-D573-407B-96F3-C84E9DB892F3}.Release|Any CPU.Build.0 = Release|Any CPU
		{FCAC1DCA-41B0-4736-B5F9-70716FD7C50B}.Debug|Any CPU.ActiveCfg = Debug|Any CPU
		{FCAC1DCA-41B0-4736-B5F9-70716FD7C50B}.Debug|Any CPU.Build.0 = Debug|Any CPU
		{FCAC1DCA-41B0-4736-B5F9-70716FD7C50B}.Release|Any CPU.ActiveCfg = Release|Any CPU
		{FCAC1DCA-41B0-4736-B5F9-70716FD7C50B}.Release|Any CPU.Build.0 = Release|Any CPU
		{4703D8C6-6351-4165-BA29-F1900BEDB391}.Debug|Any CPU.ActiveCfg = Debug|Any CPU
		{4703D8C6-6351-4165-BA29-F1900BEDB391}.Debug|Any CPU.Build.0 = Debug|Any CPU
		{4703D8C6-6351-4165-BA29-F1900BEDB391}.Release|Any CPU.ActiveCfg = Release|Any CPU
		{4703D8C6-6351-4165-BA29-F1900BEDB391}.Release|Any CPU.Build.0 = Release|Any CPU
		{76EFD0BF-0ACE-41E6-A961-4F6F354EE8AD}.Debug|Any CPU.ActiveCfg = Debug|Any CPU
		{76EFD0BF-0ACE-41E6-A961-4F6F354EE8AD}.Debug|Any CPU.Build.0 = Debug|Any CPU
		{76EFD0BF-0ACE-41E6-A961-4F6F354EE8AD}.Release|Any CPU.ActiveCfg = Release|Any CPU
		{76EFD0BF-0ACE-41E6-A961-4F6F354EE8AD}.Release|Any CPU.Build.0 = Release|Any CPU
		{863CAE98-6FD9-4AD6-8C0E-9798F80B3212}.Debug|Any CPU.ActiveCfg = Debug|Any CPU
		{863CAE98-6FD9-4AD6-8C0E-9798F80B3212}.Debug|Any CPU.Build.0 = Debug|Any CPU
		{863CAE98-6FD9-4AD6-8C0E-9798F80B3212}.Release|Any CPU.ActiveCfg = Release|Any CPU
		{863CAE98-6FD9-4AD6-8C0E-9798F80B3212}.Release|Any CPU.Build.0 = Release|Any CPU
		{5CCD3FBE-D840-4A4E-AA03-7E50CA4AAC09}.Debug|Any CPU.ActiveCfg = Debug|Any CPU
		{5CCD3FBE-D840-4A4E-AA03-7E50CA4AAC09}.Debug|Any CPU.Build.0 = Debug|Any CPU
		{5CCD3FBE-D840-4A4E-AA03-7E50CA4AAC09}.Release|Any CPU.ActiveCfg = Release|Any CPU
		{5CCD3FBE-D840-4A4E-AA03-7E50CA4AAC09}.Release|Any CPU.Build.0 = Release|Any CPU
	EndGlobalSection
	GlobalSection(SolutionProperties) = preSolution
		HideSolutionNode = FALSE
	EndGlobalSection
	GlobalSection(NestedProjects) = preSolution
		{F07F2062-F781-493E-802C-D4F58613B2C2} = {7BC80610-EABE-48E6-A099-85579D4A1A1F}
		{635E3BBE-642A-41C5-8E90-690A5B7733B4} = {7BC80610-EABE-48E6-A099-85579D4A1A1F}
		{334FF18D-B1BC-405D-A3E9-A3F64EFCDEDB} = {5C6B360E-D1C3-40D9-B7ED-A1D0EFD22787}
		{62C4CCC9-D573-407B-96F3-C84E9DB892F3} = {5C6B360E-D1C3-40D9-B7ED-A1D0EFD22787}
		{FCAC1DCA-41B0-4736-B5F9-70716FD7C50B} = {5C6B360E-D1C3-40D9-B7ED-A1D0EFD22787}
		{4703D8C6-6351-4165-BA29-F1900BEDB391} = {B4A7451E-088F-42A8-B6EB-E2AF2CCF65A1}
		{76EFD0BF-0ACE-41E6-A961-4F6F354EE8AD} = {B4A7451E-088F-42A8-B6EB-E2AF2CCF65A1}
		{863CAE98-6FD9-4AD6-8C0E-9798F80B3212} = {5E217082-7B64-45F6-98DB-9F9F483B33C2}
		{5CCD3FBE-D840-4A4E-AA03-7E50CA4AAC09} = {B4A7451E-088F-42A8-B6EB-E2AF2CCF65A1}
	EndGlobalSection
	GlobalSection(ExtensibilityGlobals) = postSolution
		SolutionGuid = {D0442B5F-5405-49D9-BE55-C2608812E971}
	EndGlobalSection
EndGlobal
